
Microsoft Visual Studio Solution File, Format Version 12.00
# Visual Studio 15
VisualStudioVersion = 15.0.26730.12
MinimumVisualStudioVersion = 10.0.40219.1
Project("{FAE04EC0-301F-11D3-BF4B-00C04F79EFBC}") = "A_2_1", "A_2_1\A_2_1.csproj", "{3FB7B072-5CBE-4EE0-8447-18D363FF4BA7}"
EndProject
Project("{FAE04EC0-301F-11D3-BF4B-00C04F79EFBC}") = "A_2_2", "A_2_2\A_2_2.csproj", "{914125C1-3BE4-42B0-A4F6-32E86A265351}"
EndProject
Project("{FAE04EC0-301F-11D3-BF4B-00C04F79EFBC}") = "A_2_3", "A_2_3\A_2_3.csproj", "{D9E88137-5676-482A-B393-7DFB4ADABF57}"
EndProject
Project("{FAE04EC0-301F-11D3-BF4B-00C04F79EFBC}") = "A_2_4", "A_2_4\A_2_4.csproj", "{ED5BECCA-D0BA-4F55-9DFD-BD7BFF3F67FE}"
EndProject
Project("{FAE04EC0-301F-11D3-BF4B-00C04F79EFBC}") = "A_3_2", "A_3_2\A_3_2.csproj", "{6E24BE1D-EA21-4E99-BA01-2AEA9FED59FE}"
EndProject
Global
	GlobalSection(SolutionConfigurationPlatforms) = preSolution
		Debug|Any CPU = Debug|Any CPU
		Release|Any CPU = Release|Any CPU
	EndGlobalSection
	GlobalSection(ProjectConfigurationPlatforms) = postSolution
		{3FB7B072-5CBE-4EE0-8447-18D363FF4BA7}.Debug|Any CPU.ActiveCfg = Debug|Any CPU
		{3FB7B072-5CBE-4EE0-8447-18D363FF4BA7}.Debug|Any CPU.Build.0 = Debug|Any CPU
		{3FB7B072-5CBE-4EE0-8447-18D363FF4BA7}.Release|Any CPU.ActiveCfg = Release|Any CPU
		{3FB7B072-5CBE-4EE0-8447-18D363FF4BA7}.Release|Any CPU.Build.0 = Release|Any CPU
		{914125C1-3BE4-42B0-A4F6-32E86A265351}.Debug|Any CPU.ActiveCfg = Debug|Any CPU
		{914125C1-3BE4-42B0-A4F6-32E86A265351}.Debug|Any CPU.Build.0 = Debug|Any CPU
		{914125C1-3BE4-42B0-A4F6-32E86A265351}.Release|Any CPU.ActiveCfg = Release|Any CPU
		{914125C1-3BE4-42B0-A4F6-32E86A265351}.Release|Any CPU.Build.0 = Release|Any CPU
		{D9E88137-5676-482A-B393-7DFB4ADABF57}.Debug|Any CPU.ActiveCfg = Debug|Any CPU
		{D9E88137-5676-482A-B393-7DFB4ADABF57}.Debug|Any CPU.Build.0 = Debug|Any CPU
		{D9E88137-5676-482A-B393-7DFB4ADABF57}.Release|Any CPU.ActiveCfg = Release|Any CPU
		{D9E88137-5676-482A-B393-7DFB4ADABF57}.Release|Any CPU.Build.0 = Release|Any CPU
		{ED5BECCA-D0BA-4F55-9DFD-BD7BFF3F67FE}.Debug|Any CPU.ActiveCfg = Debug|Any CPU
		{ED5BECCA-D0BA-4F55-9DFD-BD7BFF3F67FE}.Debug|Any CPU.Build.0 = Debug|Any CPU
		{ED5BECCA-D0BA-4F55-9DFD-BD7BFF3F67FE}.Release|Any CPU.ActiveCfg = Release|Any CPU
		{ED5BECCA-D0BA-4F55-9DFD-BD7BFF3F67FE}.Release|Any CPU.Build.0 = Release|Any CPU
		{6E24BE1D-EA21-4E99-BA01-2AEA9FED59FE}.Debug|Any CPU.ActiveCfg = Debug|Any CPU
		{6E24BE1D-EA21-4E99-BA01-2AEA9FED59FE}.Debug|Any CPU.Build.0 = Debug|Any CPU
		{6E24BE1D-EA21-4E99-BA01-2AEA9FED59FE}.Release|Any CPU.ActiveCfg = Release|Any CPU
		{6E24BE1D-EA21-4E99-BA01-2AEA9FED59FE}.Release|Any CPU.Build.0 = Release|Any CPU
	EndGlobalSection
	GlobalSection(SolutionProperties) = preSolution
		HideSolutionNode = FALSE
	EndGlobalSection
	GlobalSection(ExtensibilityGlobals) = postSolution
		SolutionGuid = {8228155A-7A18-4285-B227-BB09E4D77927}
	EndGlobalSection
EndGlobal
