
Microsoft Visual Studio Solution File, Format Version 12.00
# Visual Studio 15
VisualStudioVersion = 15.0.26730.12
MinimumVisualStudioVersion = 10.0.40219.1
Project("{FAE04EC0-301F-11D3-BF4B-00C04F79EFBC}") = "A_2_1", "A_2_1\A_2_1.csproj", "{3FB7B072-5CBE-4EE0-8447-18D363FF4BA7}"
EndProject
Project("{FAE04EC0-301F-11D3-BF4B-00C04F79EFBC}") = "A_2_2", "A_2_2\A_2_2.csproj", "{914125C1-3BE4-42B0-A4F6-32E86A265351}"
EndProject
Project("{FAE04EC0-301F-11D3-BF4B-00C04F79EFBC}") = "A_2_3", "A_2_3\A_2_3.csproj", "{D9E88137-5676-482A-B393-7DFB4ADABF57}"
EndProject
Project("{FAE04EC0-301F-11D3-BF4B-00C04F79EFBC}") = "A_2_4", "A_2_4\A_2_4.csproj", "{ED5BECCA-D0BA-4F55-9DFD-BD7BFF3F67FE}"
EndProject
Project("{FAE04EC0-301F-11D3-BF4B-00C04F79EFBC}") = "A_3_2", "A_3_2\A_3_2.csproj", "{6E24BE1D-EA21-4E99-BA01-2AEA9FED59FE}"
EndProject
Project("{2150E333-8FDC-42A3-9474-1A3956D46DE8}") = "Unit3", "Unit3", "{26793E08-25F7-47C4-8345-4D7BEA4FAFBC}"
EndProject
Project("{2150E333-8FDC-42A3-9474-1A3956D46DE8}") = "unit2", "unit2", "{1D85ECB5-A28D-489B-AA24-E840E448E39B}"
EndProject
Project("{FAE04EC0-301F-11D3-BF4B-00C04F79EFBC}") = "T3", "Unit2\T3\T3.csproj", "{0D39BF4D-DE5C-4013-AD8A-BB5FC4A04004}"
EndProject
Project("{FAE04EC0-301F-11D3-BF4B-00C04F79EFBC}") = "T5", "Unit2\T5\T5.csproj", "{E8678C7F-FBD8-44DC-9B46-BA6F13CC5A96}"
EndProject
Project("{FAE04EC0-301F-11D3-BF4B-00C04F79EFBC}") = "T6", "Unit2\T6\T6.csproj", "{35597C07-A937-4479-B236-DB16D1C0F504}"
EndProject
Project("{FAE04EC0-301F-11D3-BF4B-00C04F79EFBC}") = "T1", "unit3\T1\T1.csproj", "{92C297B5-827B-472B-87DD-B384A701D72C}"
EndProject
Project("{FAE04EC0-301F-11D3-BF4B-00C04F79EFBC}") = "T2", "unit3\T2\T2.csproj", "{6824D891-4264-4EF0-9DB5-29342205FB8B}"
EndProject
Project("{FAE04EC0-301F-11D3-BF4B-00C04F79EFBC}") = "T3", "unit3\T3\T3.csproj", "{54DD9EB3-33CF-45D7-8815-307518DEA3B4}"
EndProject
Project("{FAE04EC0-301F-11D3-BF4B-00C04F79EFBC}") = "A_3_1", "A_3_1\A_3_1.csproj", "{BC8FDBCB-7A72-4950-BBCD-7DAA972B3934}"
EndProject
Project("{FAE04EC0-301F-11D3-BF4B-00C04F79EFBC}") = "A_5_1_a", "A_5_1\A_5_1_a.csproj", "{AF479290-A7CE-4D92-BA9C-EC4A1604E7B0}"
EndProject
Project("{FAE04EC0-301F-11D3-BF4B-00C04F79EFBC}") = "A_5_1_b", "A_5_1_b\A_5_1_b.csproj", "{8725E830-0EEF-4950-BBBB-BCBF91C4B81C}"
EndProject
Project("{FAE04EC0-301F-11D3-BF4B-00C04F79EFBC}") = "A_5_2", "WpfApplication1\A_5_2.csproj", "{6FB8F216-1AB4-4709-87ED-03F189BF05B3}"
EndProject
Project("{FAE04EC0-301F-11D3-BF4B-00C04F79EFBC}") = "A_5_3", "WpfApplication4\A_5_3.csproj", "{F362D375-4C6E-4EEE-BBAE-AAA353F03989}"
EndProject
Global
	GlobalSection(SolutionConfigurationPlatforms) = preSolution
		Debug|Any CPU = Debug|Any CPU
		Release|Any CPU = Release|Any CPU
	EndGlobalSection
	GlobalSection(ProjectConfigurationPlatforms) = postSolution
		{3FB7B072-5CBE-4EE0-8447-18D363FF4BA7}.Debug|Any CPU.ActiveCfg = Debug|Any CPU
		{3FB7B072-5CBE-4EE0-8447-18D363FF4BA7}.Debug|Any CPU.Build.0 = Debug|Any CPU
		{3FB7B072-5CBE-4EE0-8447-18D363FF4BA7}.Release|Any CPU.ActiveCfg = Release|Any CPU
		{3FB7B072-5CBE-4EE0-8447-18D363FF4BA7}.Release|Any CPU.Build.0 = Release|Any CPU
		{914125C1-3BE4-42B0-A4F6-32E86A265351}.Debug|Any CPU.ActiveCfg = Debug|Any CPU
		{914125C1-3BE4-42B0-A4F6-32E86A265351}.Debug|Any CPU.Build.0 = Debug|Any CPU
		{914125C1-3BE4-42B0-A4F6-32E86A265351}.Release|Any CPU.ActiveCfg = Release|Any CPU
		{914125C1-3BE4-42B0-A4F6-32E86A265351}.Release|Any CPU.Build.0 = Release|Any CPU
		{D9E88137-5676-482A-B393-7DFB4ADABF57}.Debug|Any CPU.ActiveCfg = Debug|Any CPU
		{D9E88137-5676-482A-B393-7DFB4ADABF57}.Debug|Any CPU.Build.0 = Debug|Any CPU
		{D9E88137-5676-482A-B393-7DFB4ADABF57}.Release|Any CPU.ActiveCfg = Release|Any CPU
		{D9E88137-5676-482A-B393-7DFB4ADABF57}.Release|Any CPU.Build.0 = Release|Any CPU
		{ED5BECCA-D0BA-4F55-9DFD-BD7BFF3F67FE}.Debug|Any CPU.ActiveCfg = Debug|Any CPU
		{ED5BECCA-D0BA-4F55-9DFD-BD7BFF3F67FE}.Debug|Any CPU.Build.0 = Debug|Any CPU
		{ED5BECCA-D0BA-4F55-9DFD-BD7BFF3F67FE}.Release|Any CPU.ActiveCfg = Release|Any CPU
		{ED5BECCA-D0BA-4F55-9DFD-BD7BFF3F67FE}.Release|Any CPU.Build.0 = Release|Any CPU
		{6E24BE1D-EA21-4E99-BA01-2AEA9FED59FE}.Debug|Any CPU.ActiveCfg = Debug|Any CPU
		{6E24BE1D-EA21-4E99-BA01-2AEA9FED59FE}.Debug|Any CPU.Build.0 = Debug|Any CPU
		{6E24BE1D-EA21-4E99-BA01-2AEA9FED59FE}.Release|Any CPU.ActiveCfg = Release|Any CPU
		{6E24BE1D-EA21-4E99-BA01-2AEA9FED59FE}.Release|Any CPU.Build.0 = Release|Any CPU
		{0D39BF4D-DE5C-4013-AD8A-BB5FC4A04004}.Debug|Any CPU.ActiveCfg = Debug|Any CPU
		{0D39BF4D-DE5C-4013-AD8A-BB5FC4A04004}.Debug|Any CPU.Build.0 = Debug|Any CPU
		{0D39BF4D-DE5C-4013-AD8A-BB5FC4A04004}.Release|Any CPU.ActiveCfg = Release|Any CPU
		{0D39BF4D-DE5C-4013-AD8A-BB5FC4A04004}.Release|Any CPU.Build.0 = Release|Any CPU
		{E8678C7F-FBD8-44DC-9B46-BA6F13CC5A96}.Debug|Any CPU.ActiveCfg = Debug|Any CPU
		{E8678C7F-FBD8-44DC-9B46-BA6F13CC5A96}.Debug|Any CPU.Build.0 = Debug|Any CPU
		{E8678C7F-FBD8-44DC-9B46-BA6F13CC5A96}.Release|Any CPU.ActiveCfg = Release|Any CPU
		{E8678C7F-FBD8-44DC-9B46-BA6F13CC5A96}.Release|Any CPU.Build.0 = Release|Any CPU
		{35597C07-A937-4479-B236-DB16D1C0F504}.Debug|Any CPU.ActiveCfg = Debug|Any CPU
		{35597C07-A937-4479-B236-DB16D1C0F504}.Debug|Any CPU.Build.0 = Debug|Any CPU
		{35597C07-A937-4479-B236-DB16D1C0F504}.Release|Any CPU.ActiveCfg = Release|Any CPU
		{35597C07-A937-4479-B236-DB16D1C0F504}.Release|Any CPU.Build.0 = Release|Any CPU
		{92C297B5-827B-472B-87DD-B384A701D72C}.Debug|Any CPU.ActiveCfg = Debug|Any CPU
		{92C297B5-827B-472B-87DD-B384A701D72C}.Debug|Any CPU.Build.0 = Debug|Any CPU
		{92C297B5-827B-472B-87DD-B384A701D72C}.Release|Any CPU.ActiveCfg = Release|Any CPU
		{92C297B5-827B-472B-87DD-B384A701D72C}.Release|Any CPU.Build.0 = Release|Any CPU
		{6824D891-4264-4EF0-9DB5-29342205FB8B}.Debug|Any CPU.ActiveCfg = Debug|Any CPU
		{6824D891-4264-4EF0-9DB5-29342205FB8B}.Debug|Any CPU.Build.0 = Debug|Any CPU
		{6824D891-4264-4EF0-9DB5-29342205FB8B}.Release|Any CPU.ActiveCfg = Release|Any CPU
		{6824D891-4264-4EF0-9DB5-29342205FB8B}.Release|Any CPU.Build.0 = Release|Any CPU
		{54DD9EB3-33CF-45D7-8815-307518DEA3B4}.Debug|Any CPU.ActiveCfg = Debug|Any CPU
		{54DD9EB3-33CF-45D7-8815-307518DEA3B4}.Debug|Any CPU.Build.0 = Debug|Any CPU
		{54DD9EB3-33CF-45D7-8815-307518DEA3B4}.Release|Any CPU.ActiveCfg = Release|Any CPU
		{54DD9EB3-33CF-45D7-8815-307518DEA3B4}.Release|Any CPU.Build.0 = Release|Any CPU
		{BC8FDBCB-7A72-4950-BBCD-7DAA972B3934}.Debug|Any CPU.ActiveCfg = Debug|Any CPU
		{BC8FDBCB-7A72-4950-BBCD-7DAA972B3934}.Debug|Any CPU.Build.0 = Debug|Any CPU
		{BC8FDBCB-7A72-4950-BBCD-7DAA972B3934}.Release|Any CPU.ActiveCfg = Release|Any CPU
		{BC8FDBCB-7A72-4950-BBCD-7DAA972B3934}.Release|Any CPU.Build.0 = Release|Any CPU
		{AF479290-A7CE-4D92-BA9C-EC4A1604E7B0}.Debug|Any CPU.ActiveCfg = Debug|Any CPU
		{AF479290-A7CE-4D92-BA9C-EC4A1604E7B0}.Debug|Any CPU.Build.0 = Debug|Any CPU
		{AF479290-A7CE-4D92-BA9C-EC4A1604E7B0}.Release|Any CPU.ActiveCfg = Release|Any CPU
		{AF479290-A7CE-4D92-BA9C-EC4A1604E7B0}.Release|Any CPU.Build.0 = Release|Any CPU
		{8725E830-0EEF-4950-BBBB-BCBF91C4B81C}.Debug|Any CPU.ActiveCfg = Debug|Any CPU
		{8725E830-0EEF-4950-BBBB-BCBF91C4B81C}.Debug|Any CPU.Build.0 = Debug|Any CPU
		{8725E830-0EEF-4950-BBBB-BCBF91C4B81C}.Release|Any CPU.ActiveCfg = Release|Any CPU
		{8725E830-0EEF-4950-BBBB-BCBF91C4B81C}.Release|Any CPU.Build.0 = Release|Any CPU
		{6FB8F216-1AB4-4709-87ED-03F189BF05B3}.Debug|Any CPU.ActiveCfg = Debug|Any CPU
		{6FB8F216-1AB4-4709-87ED-03F189BF05B3}.Debug|Any CPU.Build.0 = Debug|Any CPU
		{6FB8F216-1AB4-4709-87ED-03F189BF05B3}.Release|Any CPU.ActiveCfg = Release|Any CPU
		{6FB8F216-1AB4-4709-87ED-03F189BF05B3}.Release|Any CPU.Build.0 = Release|Any CPU
		{F362D375-4C6E-4EEE-BBAE-AAA353F03989}.Debug|Any CPU.ActiveCfg = Debug|Any CPU
		{F362D375-4C6E-4EEE-BBAE-AAA353F03989}.Debug|Any CPU.Build.0 = Debug|Any CPU
		{F362D375-4C6E-4EEE-BBAE-AAA353F03989}.Release|Any CPU.ActiveCfg = Release|Any CPU
		{F362D375-4C6E-4EEE-BBAE-AAA353F03989}.Release|Any CPU.Build.0 = Release|Any CPU
	EndGlobalSection
	GlobalSection(SolutionProperties) = preSolution
		HideSolutionNode = FALSE
	EndGlobalSection
	GlobalSection(NestedProjects) = preSolution
		{0D39BF4D-DE5C-4013-AD8A-BB5FC4A04004} = {1D85ECB5-A28D-489B-AA24-E840E448E39B}
		{E8678C7F-FBD8-44DC-9B46-BA6F13CC5A96} = {1D85ECB5-A28D-489B-AA24-E840E448E39B}
		{35597C07-A937-4479-B236-DB16D1C0F504} = {1D85ECB5-A28D-489B-AA24-E840E448E39B}
		{92C297B5-827B-472B-87DD-B384A701D72C} = {26793E08-25F7-47C4-8345-4D7BEA4FAFBC}
		{6824D891-4264-4EF0-9DB5-29342205FB8B} = {26793E08-25F7-47C4-8345-4D7BEA4FAFBC}
		{54DD9EB3-33CF-45D7-8815-307518DEA3B4} = {26793E08-25F7-47C4-8345-4D7BEA4FAFBC}
	EndGlobalSection
	GlobalSection(ExtensibilityGlobals) = postSolution
		SolutionGuid = {8228155A-7A18-4285-B227-BB09E4D77927}
	EndGlobalSection
EndGlobal
