
Microsoft Visual Studio Solution File, Format Version 12.00
# Visual Studio 15
VisualStudioVersion = 15.0.26730.12
MinimumVisualStudioVersion = 10.0.40219.1
Project("{FAE04EC0-301F-11D3-BF4B-00C04F79EFBC}") = "T3", "T3\T3.csproj", "{0D39BF4D-DE5C-4013-AD8A-BB5FC4A04004}"
EndProject
Project("{FAE04EC0-301F-11D3-BF4B-00C04F79EFBC}") = "T5", "T5\T5.csproj", "{E8678C7F-FBD8-44DC-9B46-BA6F13CC5A96}"
EndProject
Project("{FAE04EC0-301F-11D3-BF4B-00C04F79EFBC}") = "T6", "T6\T6.csproj", "{35597C07-A937-4479-B236-DB16D1C0F504}"
EndProject
Global
	GlobalSection(SolutionConfigurationPlatforms) = preSolution
		Debug|Any CPU = Debug|Any CPU
		Release|Any CPU = Release|Any CPU
	EndGlobalSection
	GlobalSection(ProjectConfigurationPlatforms) = postSolution
		{0D39BF4D-DE5C-4013-AD8A-BB5FC4A04004}.Debug|Any CPU.ActiveCfg = Debug|Any CPU
		{0D39BF4D-DE5C-4013-AD8A-BB5FC4A04004}.Debug|Any CPU.Build.0 = Debug|Any CPU
		{0D39BF4D-DE5C-4013-AD8A-BB5FC4A04004}.Release|Any CPU.ActiveCfg = Release|Any CPU
		{0D39BF4D-DE5C-4013-AD8A-BB5FC4A04004}.Release|Any CPU.Build.0 = Release|Any CPU
		{E8678C7F-FBD8-44DC-9B46-BA6F13CC5A96}.Debug|Any CPU.ActiveCfg = Debug|Any CPU
		{E8678C7F-FBD8-44DC-9B46-BA6F13CC5A96}.Debug|Any CPU.Build.0 = Debug|Any CPU
		{E8678C7F-FBD8-44DC-9B46-BA6F13CC5A96}.Release|Any CPU.ActiveCfg = Release|Any CPU
		{E8678C7F-FBD8-44DC-9B46-BA6F13CC5A96}.Release|Any CPU.Build.0 = Release|Any CPU
		{35597C07-A937-4479-B236-DB16D1C0F504}.Debug|Any CPU.ActiveCfg = Debug|Any CPU
		{35597C07-A937-4479-B236-DB16D1C0F504}.Debug|Any CPU.Build.0 = Debug|Any CPU
		{35597C07-A937-4479-B236-DB16D1C0F504}.Release|Any CPU.ActiveCfg = Release|Any CPU
		{35597C07-A937-4479-B236-DB16D1C0F504}.Release|Any CPU.Build.0 = Release|Any CPU
	EndGlobalSection
	GlobalSection(SolutionProperties) = preSolution
		HideSolutionNode = FALSE
	EndGlobalSection
	GlobalSection(ExtensibilityGlobals) = postSolution
		SolutionGuid = {E1E94825-A70A-49D8-BC41-30FA9AC2D7D4}
	EndGlobalSection
EndGlobal
